# THIS IS AN AUTOGENERATED FILE. DO NOT EDIT THIS FILE DIRECTLY.
# yarn lockfile v1


"@stripe/stripe-js@^7.9.0":
  version "7.9.0"
  resolved "https://registry.yarnpkg.com/@stripe/stripe-js/-/stripe-js-7.9.0.tgz#d60a9f921138b95a74dd65ace866b7113a77d60a"
  integrity sha512-ggs5k+/0FUJcIgNY08aZTqpBTtbExkJMYMLSMwyucrhtWexVOEY1KJmhBsxf+E/Q15f5rbwBpj+t0t2AW2oCsQ==
